{
  "nodes": {
    "darwin": {
      "inputs": {
        "nixpkgs": [
          "nixpkgs"
        ]
      },
      "locked": {
        "lastModified": 1695424346,
        "narHash": "sha256-jkjKhxaBpS7p//l90uz9lNdVK5imVe9eo+XH6zbfrJU=",
        "owner": "LnL7",
        "repo": "nix-darwin",
        "rev": "c286b23c7fd7f0622bc4af898c91f58b8d304ff1",
        "type": "github"
      },
      "original": {
        "owner": "LnL7",
        "repo": "nix-darwin",
        "type": "github"
      }
    },
    "home-manager": {
      "inputs": {
        "nixpkgs": [
          "nixpkgs"
        ]
      },
      "locked": {
        "lastModified": 1695224363,
        "narHash": "sha256-+hfjJLUMck5G92RVFDZA7LWkR3kOxs5zQ7RPW9t3eM8=",
        "owner": "nix-community",
        "repo": "home-manager",
        "rev": "408ba13188ff9ce309fa2bdd2f81287d79773b00",
        "type": "github"
      },
      "original": {
        "owner": "nix-community",
        "repo": "home-manager",
        "type": "github"
      }
    },
    "nixpkgs": {
      "locked": {
        "lastModified": 1695227375,
        "narHash": "sha256-76WTkeCu3npPZDkay2hB2Dj3cOuCiF0P41dbmXWUKtA=",
        "owner": "nixos",
        "repo": "nixpkgs",
        "rev": "fe977679240ac2027b151ecca1bc6ce808c2e8af",
        "type": "github"
      },
      "original": {
        "owner": "nixos",
        "ref": "nixpkgs-unstable",
        "repo": "nixpkgs",
        "type": "github"
      }
    },
    "nur": {
      "locked": {
        "lastModified": 1695426382,
        "narHash": "sha256-xXvAO7yFOGdGCTDcrDsLF7YQWIX8hmjpjR2GlYPghYw=",
        "owner": "nix-community",
        "repo": "NUR",
        "rev": "b759dcb8d9608487175cc9e4e64c69d37c0e3068",
        "type": "github"
      },
      "original": {
        "owner": "nix-community",
        "repo": "NUR",
        "type": "github"
      }
    },
    "nvim-config": {
      "flake": false,
      "locked": {
        "lastModified": 1689875986,
        "narHash": "sha256-D51ip1O7a+hVQqelvi5PDq1fb/jR0IrLD6XLNSfiMno=",
        "ref": "refs/heads/main",
        "rev": "97fc1902ec7f305db7a7bc2d246517757f06cca2",
        "revCount": 66,
        "type": "git",
        "url": "file:./nvim/"
      },
      "original": {
        "type": "git",
        "url": "file:./nvim/"
      }
    },
    "root": {
      "inputs": {
        "darwin": "darwin",
        "home-manager": "home-manager",
        "nixpkgs": "nixpkgs",
        "nur": "nur",
        "nvim-config": "nvim-config"
      }
    }
  },
  "root": "root",
  "version": 7
}
