{
  "nodes": {
    "darwin": {
      "inputs": {
        "nixpkgs": [
          "nixpkgs"
        ]
      },
      "locked": {
        "lastModified": 1763505477,
        "narHash": "sha256-nJRd4LY2kT3OELfHqdgWjvToNZ4w+zKCMzS2R6z4sXE=",
        "owner": "LnL7",
        "repo": "nix-darwin",
        "rev": "3bda9f6b14161becbd07b3c56411f1670e19b9b5",
        "type": "github"
      },
      "original": {
        "owner": "LnL7",
        "repo": "nix-darwin",
        "type": "github"
      }
    },
    "flake-parts": {
      "inputs": {
        "nixpkgs-lib": [
          "neovim",
          "nixpkgs"
        ]
      },
      "locked": {
        "lastModified": 1763759067,
        "narHash": "sha256-LlLt2Jo/gMNYAwOgdRQBrsRoOz7BPRkzvNaI/fzXi2Q=",
        "owner": "hercules-ci",
        "repo": "flake-parts",
        "rev": "2cccadc7357c0ba201788ae99c4dfa90728ef5e0",
        "type": "github"
      },
      "original": {
        "owner": "hercules-ci",
        "repo": "flake-parts",
        "type": "github"
      }
    },
    "home-manager": {
      "inputs": {
        "nixpkgs": [
          "nixpkgs"
        ]
      },
      "locked": {
        "lastModified": 1763963090,
        "narHash": "sha256-zR7uDZdQUUC+gBOi4byefMvIZuSBeMC6GswGNsTgQlM=",
        "owner": "nix-community",
        "repo": "home-manager",
        "rev": "7702d14879e8f0148fa168e38f3eaa2650fa0d85",
        "type": "github"
      },
      "original": {
        "owner": "nix-community",
        "repo": "home-manager",
        "type": "github"
      }
    },
    "neovim": {
      "inputs": {
        "flake-parts": "flake-parts",
        "neovim-src": "neovim-src",
        "nixpkgs": [
          "nixpkgs"
        ]
      },
      "locked": {
        "lastModified": 1763942693,
        "narHash": "sha256-DvAkXPkSfgColZZ2sBbBl69CxzamyH7Hmi4qVUTP1OU=",
        "owner": "nix-community",
        "repo": "neovim-nightly-overlay",
        "rev": "da647c7ac355d4f8be218ff0466bee9b5c6680ed",
        "type": "github"
      },
      "original": {
        "owner": "nix-community",
        "repo": "neovim-nightly-overlay",
        "type": "github"
      }
    },
    "neovim-src": {
      "flake": false,
      "locked": {
        "lastModified": 1763931717,
        "narHash": "sha256-juqY16KziaFTk4D0Vx06tUlYLiEc6vMlEtjDLIjGn0Q=",
        "owner": "neovim",
        "repo": "neovim",
        "rev": "a88c7962a82f1427aa90d1c0a08514423516f9f2",
        "type": "github"
      },
      "original": {
        "owner": "neovim",
        "repo": "neovim",
        "type": "github"
      }
    },
    "nixpkgs": {
      "locked": {
        "lastModified": 1763806073,
        "narHash": "sha256-FHsEKDvfWpzdADWj99z7vBk4D716Ujdyveo5+A048aI=",
        "owner": "nixos",
        "repo": "nixpkgs",
        "rev": "878e468e02bfabeda08c79250f7ad583037f2227",
        "type": "github"
      },
      "original": {
        "owner": "nixos",
        "ref": "nixpkgs-unstable",
        "repo": "nixpkgs",
        "type": "github"
      }
    },
    "nvim-config": {
      "flake": false,
      "locked": {
        "lastModified": 1763920889,
        "narHash": "sha256-K5ncBCFJUa63lsOx8kcWsx4fOeJ0oejQw//u2GEXOzI=",
        "owner": "shootex",
        "repo": "init.lua",
        "rev": "8c7e82cc36fb4763e9884143cb205bb33009ca6f",
        "type": "github"
      },
      "original": {
        "owner": "shootex",
        "repo": "init.lua",
        "type": "github"
      }
    },
    "opencode": {
      "inputs": {
        "nixpkgs": [
          "nixpkgs"
        ]
      },
      "locked": {
        "lastModified": 1764003076,
        "narHash": "sha256-kHQw2Xr+0lF5pOrMpbuTVhAICsWycXDoMeisVH+0S6w=",
        "owner": "sst",
        "repo": "opencode",
        "rev": "883ed4d424082a8b132d6c7ba985161bb0d7e7a7",
        "type": "github"
      },
      "original": {
        "owner": "sst",
        "repo": "opencode",
        "type": "github"
      }
    },
    "root": {
      "inputs": {
        "darwin": "darwin",
        "home-manager": "home-manager",
        "neovim": "neovim",
        "nixpkgs": "nixpkgs",
        "nvim-config": "nvim-config",
        "opencode": "opencode",
        "wezterm-config": "wezterm-config"
      }
    },
    "wezterm-config": {
      "flake": false,
      "locked": {
        "lastModified": 1730558688,
        "narHash": "sha256-8+TDRJ6wL79AbVcAcRbaILDfy24f0aVa8i+yq6lCOnU=",
        "owner": "shootex",
        "repo": "wezterm.lua",
        "rev": "4aa05d698d52b26ccc54cae44b7c8fc391771ceb",
        "type": "github"
      },
      "original": {
        "owner": "shootex",
        "repo": "wezterm.lua",
        "type": "github"
      }
    }
  },
  "root": "root",
  "version": 7
}
